
Microsoft Visual Studio Solution File, Format Version 12.00
# Visual Studio 15
VisualStudioVersion = 15.0.27004.2010
MinimumVisualStudioVersion = 10.0.40219.1
Project("{FAE04EC0-301F-11D3-BF4B-00C04F79EFBC}") = "WCFBookLibrary", "WCFBookLibrary\WCFBookLibrary.csproj", "{8BEC6928-A513-4543-9C38-AA78096B09F4}"
EndProject
Project("{FAE04EC0-301F-11D3-BF4B-00C04F79EFBC}") = "ProductList", "ProductList\ProductList.csproj", "{1DB51850-801F-4B72-8BE2-B9FEFB86DB5A}"
EndProject
Global
	GlobalSection(SolutionConfigurationPlatforms) = preSolution
		Debug|Any CPU = Debug|Any CPU
		Release|Any CPU = Release|Any CPU
	EndGlobalSection
	GlobalSection(ProjectConfigurationPlatforms) = postSolution
		{8BEC6928-A513-4543-9C38-AA78096B09F4}.Debug|Any CPU.ActiveCfg = Debug|Any CPU
		{8BEC6928-A513-4543-9C38-AA78096B09F4}.Debug|Any CPU.Build.0 = Debug|Any CPU
		{8BEC6928-A513-4543-9C38-AA78096B09F4}.Release|Any CPU.ActiveCfg = Release|Any CPU
		{8BEC6928-A513-4543-9C38-AA78096B09F4}.Release|Any CPU.Build.0 = Release|Any CPU
		{1DB51850-801F-4B72-8BE2-B9FEFB86DB5A}.Debug|Any CPU.ActiveCfg = Debug|Any CPU
		{1DB51850-801F-4B72-8BE2-B9FEFB86DB5A}.Debug|Any CPU.Build.0 = Debug|Any CPU
		{1DB51850-801F-4B72-8BE2-B9FEFB86DB5A}.Release|Any CPU.ActiveCfg = Release|Any CPU
		{1DB51850-801F-4B72-8BE2-B9FEFB86DB5A}.Release|Any CPU.Build.0 = Release|Any CPU
	EndGlobalSection
	GlobalSection(SolutionProperties) = preSolution
		HideSolutionNode = FALSE
	EndGlobalSection
	GlobalSection(ExtensibilityGlobals) = postSolution
		SolutionGuid = {73C55456-C5AC-487A-B11D-CE3C81CA8BB6}
	EndGlobalSection
EndGlobal
