
Microsoft Visual Studio Solution File, Format Version 12.00
# Visual Studio 15
VisualStudioVersion = 15.0.27004.2010
MinimumVisualStudioVersion = 10.0.40219.1
Project("{FAE04EC0-301F-11D3-BF4B-00C04F79EFBC}") = "Element Binding Intro", "Element Binding Intro\Element Binding Intro.csproj", "{BEC3A1AC-02E1-4A19-8B57-B694FE8F5C96}"
EndProject
Global
	GlobalSection(SolutionConfigurationPlatforms) = preSolution
		Debug|Any CPU = Debug|Any CPU
		Release|Any CPU = Release|Any CPU
	EndGlobalSection
	GlobalSection(ProjectConfigurationPlatforms) = postSolution
		{BEC3A1AC-02E1-4A19-8B57-B694FE8F5C96}.Debug|Any CPU.ActiveCfg = Debug|Any CPU
		{BEC3A1AC-02E1-4A19-8B57-B694FE8F5C96}.Debug|Any CPU.Build.0 = Debug|Any CPU
		{BEC3A1AC-02E1-4A19-8B57-B694FE8F5C96}.Release|Any CPU.ActiveCfg = Release|Any CPU
		{BEC3A1AC-02E1-4A19-8B57-B694FE8F5C96}.Release|Any CPU.Build.0 = Release|Any CPU
	EndGlobalSection
	GlobalSection(SolutionProperties) = preSolution
		HideSolutionNode = FALSE
	EndGlobalSection
	GlobalSection(ExtensibilityGlobals) = postSolution
		SolutionGuid = {196B3037-5227-477E-8DC1-27C2E40B5944}
	EndGlobalSection
EndGlobal
