
Microsoft Visual Studio Solution File, Format Version 12.00
# Visual Studio 15
VisualStudioVersion = 15.0.27004.2010
MinimumVisualStudioVersion = 10.0.40219.1
Project("{FAE04EC0-301F-11D3-BF4B-00C04F79EFBC}") = "WCFInstanceLib", "WCFInstanceLib\WCFInstanceLib.csproj", "{FAD803EA-5DB0-4897-8D4D-7FBB0CC38F45}"
EndProject
Project("{FAE04EC0-301F-11D3-BF4B-00C04F79EFBC}") = "WCFConsoleHost", "WCFConsoleHost\WCFConsoleHost.csproj", "{A079496E-F9CB-4EC7-B0E1-5267184C2964}"
EndProject
Project("{FAE04EC0-301F-11D3-BF4B-00C04F79EFBC}") = "WCFInstanceConsole", "WCFInstanceConsole\WCFInstanceConsole.csproj", "{804A3248-965E-4EA4-AFC2-0F4D1F1B5A71}"
EndProject
Global
	GlobalSection(SolutionConfigurationPlatforms) = preSolution
		Debug|Any CPU = Debug|Any CPU
		Release|Any CPU = Release|Any CPU
	EndGlobalSection
	GlobalSection(ProjectConfigurationPlatforms) = postSolution
		{FAD803EA-5DB0-4897-8D4D-7FBB0CC38F45}.Debug|Any CPU.ActiveCfg = Debug|Any CPU
		{FAD803EA-5DB0-4897-8D4D-7FBB0CC38F45}.Debug|Any CPU.Build.0 = Debug|Any CPU
		{FAD803EA-5DB0-4897-8D4D-7FBB0CC38F45}.Release|Any CPU.ActiveCfg = Release|Any CPU
		{FAD803EA-5DB0-4897-8D4D-7FBB0CC38F45}.Release|Any CPU.Build.0 = Release|Any CPU
		{A079496E-F9CB-4EC7-B0E1-5267184C2964}.Debug|Any CPU.ActiveCfg = Debug|Any CPU
		{A079496E-F9CB-4EC7-B0E1-5267184C2964}.Debug|Any CPU.Build.0 = Debug|Any CPU
		{A079496E-F9CB-4EC7-B0E1-5267184C2964}.Release|Any CPU.ActiveCfg = Release|Any CPU
		{A079496E-F9CB-4EC7-B0E1-5267184C2964}.Release|Any CPU.Build.0 = Release|Any CPU
		{804A3248-965E-4EA4-AFC2-0F4D1F1B5A71}.Debug|Any CPU.ActiveCfg = Debug|Any CPU
		{804A3248-965E-4EA4-AFC2-0F4D1F1B5A71}.Debug|Any CPU.Build.0 = Debug|Any CPU
		{804A3248-965E-4EA4-AFC2-0F4D1F1B5A71}.Release|Any CPU.ActiveCfg = Release|Any CPU
		{804A3248-965E-4EA4-AFC2-0F4D1F1B5A71}.Release|Any CPU.Build.0 = Release|Any CPU
	EndGlobalSection
	GlobalSection(SolutionProperties) = preSolution
		HideSolutionNode = FALSE
	EndGlobalSection
	GlobalSection(ExtensibilityGlobals) = postSolution
		SolutionGuid = {7EDBF012-FA3D-457B-89FB-2E03360910C8}
	EndGlobalSection
EndGlobal
